
Microsoft Visual Studio Solution File, Format Version 12.00
# Visual Studio Version 17
VisualStudioVersion = 17.4.33110.190
MinimumVisualStudioVersion = 10.0.40219.1
Project("{FAE04EC0-301F-11D3-BF4B-00C04F79EFBC}") = "Testing", "Testing\Testing.csproj", "{CADB2709-3ECA-4A6E-B605-FC0FA4AF89C0}"
EndProject
Global
	GlobalSection(SolutionConfigurationPlatforms) = preSolution
		Debug|Any CPU = Debug|Any CPU
		Release|Any CPU = Release|Any CPU
	EndGlobalSection
	GlobalSection(ProjectConfigurationPlatforms) = postSolution
		{CADB2709-3ECA-4A6E-B605-FC0FA4AF89C0}.Debug|Any CPU.ActiveCfg = Debug|Any CPU
		{CADB2709-3ECA-4A6E-B605-FC0FA4AF89C0}.Debug|Any CPU.Build.0 = Debug|Any CPU
		{CADB2709-3ECA-4A6E-B605-FC0FA4AF89C0}.Release|Any CPU.ActiveCfg = Release|Any CPU
		{CADB2709-3ECA-4A6E-B605-FC0FA4AF89C0}.Release|Any CPU.Build.0 = Release|Any CPU
	EndGlobalSection
	GlobalSection(SolutionProperties) = preSolution
		HideSolutionNode = FALSE
	EndGlobalSection
	GlobalSection(ExtensibilityGlobals) = postSolution
		SolutionGuid = {A919B493-D522-4784-B356-22A7FA6F8786}
	EndGlobalSection
EndGlobal
